// !$*UTF8*$!
{
	archiveVersion = 1;
	classes = {
	};
	objectVersion = 77;
	objects = {

/* Begin PBXBuildFile section */
		00EB87532AFE4F986F506964 /* ProfilePlaylistsModel.swift in Sources */ = {isa = PBXBuildFile; fileRef = BE57C410D01822F08E5275BE /* ProfilePlaylistsModel.swift */; };
		00F360B24EE493E67ED1DF89 /* ReleaseGroupDetailView.swift in Sources */ = {isa = PBXBuildFile; fileRef = 8F59664EC128A645E3830385 /* ReleaseGroupDetailView.swift */; };
		01AB414CFDFAE764C451F01E /* PopularityProviderTests.swift in Sources */ = {isa = PBXBuildFile; fileRef = D3C329C8B2BF423D0F69C4E0 /* PopularityProviderTests.swift */; };
		03D19877F8BDD6E321146321 /* SessionModel.swift in Sources */ = {isa = PBXBuildFile; fileRef = 44F89EA5D5E0E0647DB6755B /* SessionModel.swift */; };
		0915988C2802793F801AB873 /* EntityDetailCache.swift in Sources */ = {isa = PBXBuildFile; fileRef = ACFF4BBDD28BEEFEF51B89F5 /* EntityDetailCache.swift */; };
		099A1939CE7D6089A7FC540F /* SnapshotCache.swift in Sources */ = {isa = PBXBuildFile; fileRef = 659F6BF93F2ADE29B73AC2E5 /* SnapshotCache.swift */; };
		09E6583D6C50625EFD154E38 /* ArtistOriginsView.swift in Sources */ = {isa = PBXBuildFile; fileRef = BBC40D304913135CE6F60A53 /* ArtistOriginsView.swift */; };
		0BEE2B0FBDAFA8B6EDE90A80 /* ListenBrainzNativeApp.swift in Sources */ = {isa = PBXBuildFile; fileRef = 99DD4D81FE060960A6C14DB8 /* ListenBrainzNativeApp.swift */; };
		0DBEB30AB443E40B477C6EA4 /* PersonalRecommendationSheet.swift in Sources */ = {isa = PBXBuildFile; fileRef = B7291BDDD18309E5D402D1B3 /* PersonalRecommendationSheet.swift */; };
		0DC5A6AD9306EE572703A8A9 /* ListenRow.swift in Sources */ = {isa = PBXBuildFile; fileRef = 1FF4A55D3567AF1C68CC421C /* ListenRow.swift */; };
		0EDD7DA8AAA9A579CB3DA59F /* UserDetailModel.swift in Sources */ = {isa = PBXBuildFile; fileRef = A067F094D30B732D2D42AC2F /* UserDetailModel.swift */; };
		1007022494B29C77C6202C0B /* RadioPlaylistSaveTests.swift in Sources */ = {isa = PBXBuildFile; fileRef = 2B68CB67CEB5A14CC03AFCB5 /* RadioPlaylistSaveTests.swift */; };
		11BF089AC5E362515600DAD4 /* MainTabView.swift in Sources */ = {isa = PBXBuildFile; fileRef = 808DA361DE2E6686DF18007A /* MainTabView.swift */; };
		1457D061D907D9EACE4D1561 /* SearchProvider.swift in Sources */ = {isa = PBXBuildFile; fileRef = 89A20F25A3B1ADE141FC4FD7 /* SearchProvider.swift */; };
		145D15276FBD99C26B84D139 /* FeedModelTests.swift in Sources */ = {isa = PBXBuildFile; fileRef = 40281433B1E545409C40ED2B /* FeedModelTests.swift */; };
		1582560FD3BC7D4405C4A61D /* PopularitySummaryModel.swift in Sources */ = {isa = PBXBuildFile; fileRef = 7E44985FA52E2EE493963D9E /* PopularitySummaryModel.swift */; };
		1604483356044D2143E2B73F /* ProfilePlaylistSection.swift in Sources */ = {isa = PBXBuildFile; fileRef = EDC6C7B43108377C6E3BFADD /* ProfilePlaylistSection.swift */; };
		19A5F97DA02FA4D5802535B9 /* YearInMusicView.swift in Sources */ = {isa = PBXBuildFile; fileRef = 795175D65DC7780F3B5D7249 /* YearInMusicView.swift */; };
		1BBCC984897AC9FAE843B001 /* RadioPlaylistSaveModel.swift in Sources */ = {isa = PBXBuildFile; fileRef = 7B8EB13AEA2FA5E760A3CA07 /* RadioPlaylistSaveModel.swift */; };
		214B180599F8A6E8D9A79AB5 /* PopularityProvider.swift in Sources */ = {isa = PBXBuildFile; fileRef = FA7E3672121191838F7E5951 /* PopularityProvider.swift */; };
		256C40B6DC2B996C16D40756 /* PlaylistMutationTests.swift in Sources */ = {isa = PBXBuildFile; fileRef = 445829BC50154244B5591728 /* PlaylistMutationTests.swift */; };
		2A8E1BB1202E6CB8253E5221 /* ProfilePlaylistsProvider.swift in Sources */ = {isa = PBXBuildFile; fileRef = A66F0C5093821A3A87343832 /* ProfilePlaylistsProvider.swift */; };
		2D6DAEBF12542FE63EBD75F0 /* FeedModel.swift in Sources */ = {isa = PBXBuildFile; fileRef = 72EA4638A7EB62DF693C0B15 /* FeedModel.swift */; };
		2E4C0A7F8A1F5EF01CCDE56C /* RadioModelTests.swift in Sources */ = {isa = PBXBuildFile; fileRef = B092450568E7F84906D24CD3 /* RadioModelTests.swift */; };
		2FABAD1401B714CA233A26FD /* PlaylistItemRemovalModelTests.swift in Sources */ = {isa = PBXBuildFile; fileRef = A94E78D2AC1FC46709A9EBFB /* PlaylistItemRemovalModelTests.swift */; };
		3002EF16004350755B6B772C /* ArtistOriginsPresentationTests.swift in Sources */ = {isa = PBXBuildFile; fileRef = E890F8FCD510D360635E3CA0 /* ArtistOriginsPresentationTests.swift */; };
		3107631690C9193020632AD8 /* UserSocialView.swift in Sources */ = {isa = PBXBuildFile; fileRef = EE22423B6C01A46B7FB43FDF /* UserSocialView.swift */; };
		3143E0C5AFB100795C4E6D47 /* PlaylistCopyTests.swift in Sources */ = {isa = PBXBuildFile; fileRef = D8822B99415D79F97F612C24 /* PlaylistCopyTests.swift */; };
		32882BFC39635FECFA19C13C /* ArtistOriginsTests.swift in Sources */ = {isa = PBXBuildFile; fileRef = F3289FD954EA81207EF7F88C /* ArtistOriginsTests.swift */; };
		36B693EB322ACEAEB30CEA68 /* SearchView.swift in Sources */ = {isa = PBXBuildFile; fileRef = F40BD89E69FC6509633EC0D0 /* SearchView.swift */; };
		376D54E82B7EAF41963D088B /* ArtistEvolutionView.swift in Sources */ = {isa = PBXBuildFile; fileRef = 39D9AE00EC9D869B559DF005 /* ArtistEvolutionView.swift */; };
		3C4AAFFFC4488E59E3B1541E /* PinsModelTests.swift in Sources */ = {isa = PBXBuildFile; fileRef = 8A0BC2D8A5C1E29B85ED588A /* PinsModelTests.swift */; };
		3D7D932F671E62C342A18632 /* ProfileView.swift in Sources */ = {isa = PBXBuildFile; fileRef = 51E19DB1B907EFF1FC7F998C /* ProfileView.swift */; };
		3E772DC80D8B037D186F434B /* PinsModel.swift in Sources */ = {isa = PBXBuildFile; fileRef = D7C75546902949AB29B54897 /* PinsModel.swift */; };
		40BEB3C06D1F598D8690D57A /* YearInMusicArtworkModel.swift in Sources */ = {isa = PBXBuildFile; fileRef = F732997D4DF2EC98CD68A645 /* YearInMusicArtworkModel.swift */; };
		41E4FA65905F8C4E12E92C3E /* PlaylistDetailView.swift in Sources */ = {isa = PBXBuildFile; fileRef = 2EA074F8AA02345A7E2BF670 /* PlaylistDetailView.swift */; };
		41F291B6C6423AD68FBAC6B4 /* PlaylistMetadataEditorSheet.swift in Sources */ = {isa = PBXBuildFile; fileRef = AA1C5A040A20E4AC83EA8139 /* PlaylistMetadataEditorSheet.swift */; };
		47285C2DE1205B0C181E8E23 /* PopularitySummaryModelTests.swift in Sources */ = {isa = PBXBuildFile; fileRef = D963F9BDBFB4D08557D9CABE /* PopularitySummaryModelTests.swift */; };
		48CE2F69DAAE1854F4D85F64 /* PinsViews.swift in Sources */ = {isa = PBXBuildFile; fileRef = B9D08F5AA1A3CCD512DF2CF6 /* PinsViews.swift */; };
		494D81ABC4E01231D0DE2FBD /* RadioModel.swift in Sources */ = {isa = PBXBuildFile; fileRef = 8507246DD36E3B142F3792D8 /* RadioModel.swift */; };
		4A1C0347CAF541EC7B27ECE4 /* YearInMusicArtworkRenderingPolicyTests.swift in Sources */ = {isa = PBXBuildFile; fileRef = B48D6F9D3D5FB27CB9518DC3 /* YearInMusicArtworkRenderingPolicyTests.swift */; };
		4D88EA58612655B97B85C2DD /* YearInMusicProvider.swift in Sources */ = {isa = PBXBuildFile; fileRef = C17AE2E58FCE6A9891346B9E /* YearInMusicProvider.swift */; };
		4E78CFD975E5003F4D7B5081 /* PlaylistMutationProvider.swift in Sources */ = {isa = PBXBuildFile; fileRef = F087F95475FE91E5088C1363 /* PlaylistMutationProvider.swift */; };
		4FFBB0053750B0C9879C7949 /* PinProvider.swift in Sources */ = {isa = PBXBuildFile; fileRef = CDAB9FE7EC87E552920D8F89 /* PinProvider.swift */; };
		518D8E1CA577D129E09C6AF9 /* ListeningProvider.swift in Sources */ = {isa = PBXBuildFile; fileRef = E87B6C6201EDD6C8CD9E5953 /* ListeningProvider.swift */; };
		53E6AA7D06171A8DF74BF24C /* PlaylistMediaComponents.swift in Sources */ = {isa = PBXBuildFile; fileRef = C9AFB2780AE8A5C8A7A4E2AF /* PlaylistMediaComponents.swift */; };
		56961544979AD39F56EA366B /* GenreActivityPresentationTests.swift in Sources */ = {isa = PBXBuildFile; fileRef = 10C232571C0EDA4584243130 /* GenreActivityPresentationTests.swift */; };
		58A753D6FBA77633A9A17289 /* YearInMusicArtwork.swift in Sources */ = {isa = PBXBuildFile; fileRef = 8DEADF89FEAC63762B32923A /* YearInMusicArtwork.swift */; };
		58B8D5799A32C727126489AC /* RecordingShareModelTests.swift in Sources */ = {isa = PBXBuildFile; fileRef = F8616DDC96C453211ADD8E3A /* RecordingShareModelTests.swift */; };
		590740BDF6B92E5914E39940 /* RadioView.swift in Sources */ = {isa = PBXBuildFile; fileRef = D9484FE819C97DDB5EA65620 /* RadioView.swift */; };
		594917123A4D6DD88A133285 /* ReleaseDetailView.swift in Sources */ = {isa = PBXBuildFile; fileRef = DE18B0D851C7E658DEA3EB75 /* ReleaseDetailView.swift */; };
		59ED0625681FB66CD6EFB656 /* TasteView.swift in Sources */ = {isa = PBXBuildFile; fileRef = DD7922B1A50A81DDEBC647D3 /* TasteView.swift */; };
		5A7B98853E1DC1B5A9AB59AD /* RecordingDetailView.swift in Sources */ = {isa = PBXBuildFile; fileRef = F8E0247E5AEA45313570549C /* RecordingDetailView.swift */; };
		5C02E8E58708CB3B51CE0F16 /* YearInMusicArtworkModelTests.swift in Sources */ = {isa = PBXBuildFile; fileRef = 544AAB94EB166202CCC1060D /* YearInMusicArtworkModelTests.swift */; };
		5DA442849195D260135BDEE0 /* GenreActivityView.swift in Sources */ = {isa = PBXBuildFile; fileRef = C70C4CBCF073E23C0527B17F /* GenreActivityView.swift */; };
		6029C0EC6C72507F53163995 /* MediaDetailModels.swift in Sources */ = {isa = PBXBuildFile; fileRef = EBB6785753BE67940C5494C6 /* MediaDetailModels.swift */; };
		639D596DB9354E94512491DE /* RootView.swift in Sources */ = {isa = PBXBuildFile; fileRef = 3110A121662AEA4E6BA9654A /* RootView.swift */; };
		67C5A4D2ABD99F1C75D75FC1 /* ArtistDetailView.swift in Sources */ = {isa = PBXBuildFile; fileRef = F447B1074B9BC765705A259A /* ArtistDetailView.swift */; };
		69F66A2E519942F1C4C282D6 /* RecordingShareProvider.swift in Sources */ = {isa = PBXBuildFile; fileRef = CD23DF6E81EDB687A2D2FCB0 /* RecordingShareProvider.swift */; };
		6D27D69B7A9910C603E276AE /* DiscoverView.swift in Sources */ = {isa = PBXBuildFile; fileRef = 7D0C23C3B8F20193233AFF2A /* DiscoverView.swift */; };
		733DAB1366CE8D6DC4E8EB27 /* ProfilePlaylistsModelTests.swift in Sources */ = {isa = PBXBuildFile; fileRef = 9F94E3AB6B744C5E5A525DDA /* ProfilePlaylistsModelTests.swift */; };
		74BF4E55D5D9D193BE6D02D1 /* UserAvatar.swift in Sources */ = {isa = PBXBuildFile; fileRef = 2268C1C5B08274C79AF9F4EE /* UserAvatar.swift */; };
		750A075E1C5ED48133A7E503 /* UserSocialModelTests.swift in Sources */ = {isa = PBXBuildFile; fileRef = A5C21376EC70F3FDD95B368B /* UserSocialModelTests.swift */; };
		7715E58B169BDCF939620A6F /* ArtistActivityView.swift in Sources */ = {isa = PBXBuildFile; fileRef = C66659BEA6FA5A39F7B86E21 /* ArtistActivityView.swift */; };
		7799DAF70CC7B4681490D24C /* PopularityModels.swift in Sources */ = {isa = PBXBuildFile; fileRef = CA5104B1FB7A1241957E75FA /* PopularityModels.swift */; };
		77FAF578E20FF1259BCDFBAA /* Models.swift in Sources */ = {isa = PBXBuildFile; fileRef = 12D4A1A234653FF49859C86C /* Models.swift */; };
		789E14ED16D3BC56781B8FC5 /* PlaylistAddSheet.swift in Sources */ = {isa = PBXBuildFile; fileRef = 68ADA01513294244794E1EDD /* PlaylistAddSheet.swift */; };
		7C20A83DB44D540F8348E048 /* UserDetailView.swift in Sources */ = {isa = PBXBuildFile; fileRef = 343500F68ED04F5BB999B208 /* UserDetailView.swift */; };
		7D382A079B28ABED8AE513BD /* TopListenersProvider.swift in Sources */ = {isa = PBXBuildFile; fileRef = C8352DE46FA96033C0B5B26F /* TopListenersProvider.swift */; };
		7D4E35AD4998321B2955C36C /* FeedView.swift in Sources */ = {isa = PBXBuildFile; fileRef = F84B9B265FFDBC7E09392F18 /* FeedView.swift */; };
		7D988596787032037BEB62C6 /* UserDetailModelTests.swift in Sources */ = {isa = PBXBuildFile; fileRef = A791F11C1E6675E415DEA3A4 /* UserDetailModelTests.swift */; };
		7DED1E5CAF4979BA7DA9D008 /* RecordingShareModel.swift in Sources */ = {isa = PBXBuildFile; fileRef = D789482FE354C4697F76282D /* RecordingShareModel.swift */; };
		80D37E7F230D25EC64F755D1 /* YearInMusicModels.swift in Sources */ = {isa = PBXBuildFile; fileRef = DD2EDF3149685D6555BC9A84 /* YearInMusicModels.swift */; };
		8278A61C78DFA08894349F45 /* RecommendationsProvider.swift in Sources */ = {isa = PBXBuildFile; fileRef = 99D83A99C401A23A4A21536E /* RecommendationsProvider.swift */; };
		873D948C6823F9E8E0508D57 /* HomeView.swift in Sources */ = {isa = PBXBuildFile; fileRef = 193432530B75E845B61C532C /* HomeView.swift */; };
		87F6993AB8FCC5A87744AF75 /* RadioProvider.swift in Sources */ = {isa = PBXBuildFile; fileRef = 54E68B4CE90FAE05D067A92C /* RadioProvider.swift */; };
		8B76B12A2FDBC963BEF8B64F /* TopListenersSummaryView.swift in Sources */ = {isa = PBXBuildFile; fileRef = C47DB8E8CDB8B6E43A990514 /* TopListenersSummaryView.swift */; };
		8CC211BC670EB9B4DF390ADF /* ListenBrainzProvider.swift in Sources */ = {isa = PBXBuildFile; fileRef = C93089B0F4FF96EC2558216C /* ListenBrainzProvider.swift */; };
		8F16CB7E1FE040E5D24D2591 /* HistoryView.swift in Sources */ = {isa = PBXBuildFile; fileRef = F268D31AB8CD90FD6B664A12 /* HistoryView.swift */; };
		91428CF2CB4CE6BD66689DA4 /* PlaylistCopyModel.swift in Sources */ = {isa = PBXBuildFile; fileRef = E779A65DDD24641F46A0672E /* PlaylistCopyModel.swift */; };
		9875F40708AFCBBE4F72FD67 /* SessionModelTests.swift in Sources */ = {isa = PBXBuildFile; fileRef = BC379F9EB742DEB4425774A2 /* SessionModelTests.swift */; };
		9890FD433FAA48ADA158E87D /* PlaylistAddSheetModelTests.swift in Sources */ = {isa = PBXBuildFile; fileRef = 65596B1CF40A3F700EFA1D76 /* PlaylistAddSheetModelTests.swift */; };
		9C9F22A49ADFC566D6C9DC86 /* MediaDestinations.swift in Sources */ = {isa = PBXBuildFile; fileRef = 3275CB36181C30A7FC7D3EB9 /* MediaDestinations.swift */; };
		A02AD3A3077720C31BDCF976 /* AppTheme.swift in Sources */ = {isa = PBXBuildFile; fileRef = 0DB8462E05A0F9121989410D /* AppTheme.swift */; };
		A64B06F3FB44546CE5962F6A /* YearInMusicModel.swift in Sources */ = {isa = PBXBuildFile; fileRef = 8C5EBAB053981A555C2F9A58 /* YearInMusicModel.swift */; };
		A686BC80CE777828101F3C11 /* ListeningModelTests.swift in Sources */ = {isa = PBXBuildFile; fileRef = 04BCABBDB540BFFC39527300 /* ListeningModelTests.swift */; };
		AA4425E317371E65013FAE54 /* PlaylistMetadataEditorModel.swift in Sources */ = {isa = PBXBuildFile; fileRef = 940120120563CA2C2EA4FF9B /* PlaylistMetadataEditorModel.swift */; };
		AB848FA8B7B454273207A4AF /* PopularitySummaryView.swift in Sources */ = {isa = PBXBuildFile; fileRef = 1DF4B8CB85A56B7A85AF7BE2 /* PopularitySummaryView.swift */; };
		AB9F31509190461142964630 /* FeaturedListenCard.swift in Sources */ = {isa = PBXBuildFile; fileRef = 462BB30902139F26E0615C4A /* FeaturedListenCard.swift */; };
		AF631615C185971C2360B813 /* SocialProvider.swift in Sources */ = {isa = PBXBuildFile; fileRef = 4D5B85F6A7DDA54743F12645 /* SocialProvider.swift */; };
		B1B227A2149DE62E44F98C78 /* TopListenersModel.swift in Sources */ = {isa = PBXBuildFile; fileRef = AE4FA132D7B80BBA0964F330 /* TopListenersModel.swift */; };
		B35DD2901ED4220337446D8D /* MediaDetailProvider.swift in Sources */ = {isa = PBXBuildFile; fileRef = 279EF0995049BDBEF7989E01 /* MediaDetailProvider.swift */; };
		B6B1B936F8EFACB938D394F6 /* RecommendationsModelTests.swift in Sources */ = {isa = PBXBuildFile; fileRef = 4DED1FB8C784A67302E19766 /* RecommendationsModelTests.swift */; };
		C31B632EBB12B7BDA9A345B3 /* RadioProviderTests.swift in Sources */ = {isa = PBXBuildFile; fileRef = 3BB2EADCF9020D2B3BDD6BBA /* RadioProviderTests.swift */; };
		C51A7CFA91015ED8EDD090D4 /* SearchModel.swift in Sources */ = {isa = PBXBuildFile; fileRef = 406BFC379388B9725ABBBF3E /* SearchModel.swift */; };
		C675F4A76118319114058495 /* YearInMusicModelTests.swift in Sources */ = {isa = PBXBuildFile; fileRef = 4122F3C9AC4A14A10CAB3866 /* YearInMusicModelTests.swift */; };
		CBD6630EC6A5E7B033DFD702 /* UserSocialCache.swift in Sources */ = {isa = PBXBuildFile; fileRef = 5231AA15BBBE71663137FD9C /* UserSocialCache.swift */; };
		CC3A7DA32A7662B18FF19C7D /* ListenBrainzKit in Frameworks */ = {isa = PBXBuildFile; productRef = DAD5F0EAA0CE2CA0F3B5EF53 /* ListenBrainzKit */; };
		CDE73C02DF55E37C0640C5A5 /* YearInMusicArtworkProvider.swift in Sources */ = {isa = PBXBuildFile; fileRef = 40D6C8571901D47830CC2850 /* YearInMusicArtworkProvider.swift */; };
		CEF777F64781D5B4960BC878 /* TopListenersModels.swift in Sources */ = {isa = PBXBuildFile; fileRef = BCB2016ED89DD771FDC18DE5 /* TopListenersModels.swift */; };
		CFF534201752E35378BF426A /* TopListenersModelTests.swift in Sources */ = {isa = PBXBuildFile; fileRef = 79DE6F3C53DB0DC7FD1A6314 /* TopListenersModelTests.swift */; };
		D3106BD5D369383F62DF8E9E /* UserSocialModel.swift in Sources */ = {isa = PBXBuildFile; fileRef = 76720D266F51B04F8F25C767 /* UserSocialModel.swift */; };
		D57B00D27016C1097159BEB6 /* RadioModels.swift in Sources */ = {isa = PBXBuildFile; fileRef = E8EFADDE86B6AC16360FBAF1 /* RadioModels.swift */; };
		D6522C52F0000EF97D3939D8 /* UserProfileCache.swift in Sources */ = {isa = PBXBuildFile; fileRef = E91E5882B238A1F6A1633307 /* UserProfileCache.swift */; };
		DAF9B6DEC34E00476CA576D6 /* ArtistActivityTests.swift in Sources */ = {isa = PBXBuildFile; fileRef = 7A0316F5088C74BF0B39F434 /* ArtistActivityTests.swift */; };
		DD342B0EDB9448FB25817F83 /* YearInMusicArtworkSheet.swift in Sources */ = {isa = PBXBuildFile; fileRef = A3DCB8190155CAD286FB1CC7 /* YearInMusicArtworkSheet.swift */; };
		DDAFF3F1116B34C7248D68F1 /* RecommendationsModel.swift in Sources */ = {isa = PBXBuildFile; fileRef = 84A50C052C7C44B6F2F50630 /* RecommendationsModel.swift */; };
		E03C8BE0755A2F8A0BC849BD /* KeychainStore.swift in Sources */ = {isa = PBXBuildFile; fileRef = A6FADAC33A92401BD743DB7D /* KeychainStore.swift */; };
		E34A32570B1654294C87282B /* ArtworkView.swift in Sources */ = {isa = PBXBuildFile; fileRef = F781489BD39F38E143F5A79C /* ArtworkView.swift */; };
		E5CD0A0B9AD755EB5C62E835 /* StateViews.swift in Sources */ = {isa = PBXBuildFile; fileRef = DC25EEEF18235F00D73EB258 /* StateViews.swift */; };
		E5DFB4562DCD47EA091D69F0 /* AuthenticationView.swift in Sources */ = {isa = PBXBuildFile; fileRef = 0CA165DC8218B530B6F41180 /* AuthenticationView.swift */; };
		E78A527883EE31B5921C85E7 /* SectionHeader.swift in Sources */ = {isa = PBXBuildFile; fileRef = B48D23748275974C9D39083A /* SectionHeader.swift */; };
		E876D2D5DD0C37CA00B4DE1C /* FeedModels.swift in Sources */ = {isa = PBXBuildFile; fileRef = BFA5781A5723D50654D8F20F /* FeedModels.swift */; };
		EFF9CF0628BBB4B61AC587D1 /* PlaylistMutationModels.swift in Sources */ = {isa = PBXBuildFile; fileRef = 63322AC38BB841A99005C1BF /* PlaylistMutationModels.swift */; };
		F25111D9C16F7356B683B5F6 /* RecommendationsView.swift in Sources */ = {isa = PBXBuildFile; fileRef = 3873BC4DDEF86902050F44EF /* RecommendationsView.swift */; };
		F2A06B0A87EA1A5A145EBCAB /* ListeningModel.swift in Sources */ = {isa = PBXBuildFile; fileRef = 37C43C08CFE953B3F3A8BC47 /* ListeningModel.swift */; };
		F462DD49582CE885E41AD221 /* MediaDetailModelTests.swift in Sources */ = {isa = PBXBuildFile; fileRef = FB292AE014CE0F99033BA579 /* MediaDetailModelTests.swift */; };
		F5ABC8C33EC088A2730330B6 /* YearInMusicArtworkProviderTests.swift in Sources */ = {isa = PBXBuildFile; fileRef = 35903A33BA7CEC0EBAA24C72 /* YearInMusicArtworkProviderTests.swift */; };
		F8594971067C532075F7C071 /* FreshReleasesModel.swift in Sources */ = {isa = PBXBuildFile; fileRef = 1FA2FB88A5EB6BD9C478E53C /* FreshReleasesModel.swift */; };
		FB69B5762A025CC7E8E50FB6 /* PlaylistItemRemovalModel.swift in Sources */ = {isa = PBXBuildFile; fileRef = B2FEF7F142C7E8674B2F23D9 /* PlaylistItemRemovalModel.swift */; };
		FE4F75BD032C833BF912033E /* FeedProvider.swift in Sources */ = {isa = PBXBuildFile; fileRef = 05C1B47ACD6164891AFAEA2A /* FeedProvider.swift */; };
/* End PBXBuildFile section */

/* Begin PBXContainerItemProxy section */
		151D68ECFAC827BAEC4D1264 /* PBXContainerItemProxy */ = {
			isa = PBXContainerItemProxy;
			containerPortal = FA16555E92ED82CB5FD58956 /* Project object */;
			proxyType = 1;
			remoteGlobalIDString = 0E042510002605613D38314B;
			remoteInfo = ListenBrainzNative;
		};
/* End PBXContainerItemProxy section */

/* Begin PBXFileReference section */
		013DBC53387F69A8895ABF99 /* ListenBrainzNative.app */ = {isa = PBXFileReference; includeInIndex = 0; lastKnownFileType = wrapper.application; path = ListenBrainzNative.app; sourceTree = BUILT_PRODUCTS_DIR; };
		04BCABBDB540BFFC39527300 /* ListeningModelTests.swift */ = {isa = PBXFileReference; lastKnownFileType = sourcecode.swift; path = ListeningModelTests.swift; sourceTree = "<group>"; };
		05C1B47ACD6164891AFAEA2A /* FeedProvider.swift */ = {isa = PBXFileReference; lastKnownFileType = sourcecode.swift; path = FeedProvider.swift; sourceTree = "<group>"; };
		0CA165DC8218B530B6F41180 /* AuthenticationView.swift */ = {isa = PBXFileReference; lastKnownFileType = sourcecode.swift; path = AuthenticationView.swift; sourceTree = "<group>"; };
		0DB8462E05A0F9121989410D /* AppTheme.swift */ = {isa = PBXFileReference; lastKnownFileType = sourcecode.swift; path = AppTheme.swift; sourceTree = "<group>"; };
		10C232571C0EDA4584243130 /* GenreActivityPresentationTests.swift */ = {isa = PBXFileReference; lastKnownFileType = sourcecode.swift; path = GenreActivityPresentationTests.swift; sourceTree = "<group>"; };
		12D4A1A234653FF49859C86C /* Models.swift */ = {isa = PBXFileReference; lastKnownFileType = sourcecode.swift; path = Models.swift; sourceTree = "<group>"; };
		193432530B75E845B61C532C /* HomeView.swift */ = {isa = PBXFileReference; lastKnownFileType = sourcecode.swift; path = HomeView.swift; sourceTree = "<group>"; };
		1DF4B8CB85A56B7A85AF7BE2 /* PopularitySummaryView.swift */ = {isa = PBXFileReference; lastKnownFileType = sourcecode.swift; path = PopularitySummaryView.swift; sourceTree = "<group>"; };
		1FA2FB88A5EB6BD9C478E53C /* FreshReleasesModel.swift */ = {isa = PBXFileReference; lastKnownFileType = sourcecode.swift; path = FreshReleasesModel.swift; sourceTree = "<group>"; };
		1FF4A55D3567AF1C68CC421C /* ListenRow.swift */ = {isa = PBXFileReference; lastKnownFileType = sourcecode.swift; path = ListenRow.swift; sourceTree = "<group>"; };
		2268C1C5B08274C79AF9F4EE /* UserAvatar.swift */ = {isa = PBXFileReference; lastKnownFileType = sourcecode.swift; path = UserAvatar.swift; sourceTree = "<group>"; };
		279EF0995049BDBEF7989E01 /* MediaDetailProvider.swift */ = {isa = PBXFileReference; lastKnownFileType = sourcecode.swift; path = MediaDetailProvider.swift; sourceTree = "<group>"; };
		2B68CB67CEB5A14CC03AFCB5 /* RadioPlaylistSaveTests.swift */ = {isa = PBXFileReference; lastKnownFileType = sourcecode.swift; path = RadioPlaylistSaveTests.swift; sourceTree = "<group>"; };
		2EA074F8AA02345A7E2BF670 /* PlaylistDetailView.swift */ = {isa = PBXFileReference; lastKnownFileType = sourcecode.swift; path = PlaylistDetailView.swift; sourceTree = "<group>"; };
		3110A121662AEA4E6BA9654A /* RootView.swift */ = {isa = PBXFileReference; lastKnownFileType = sourcecode.swift; path = RootView.swift; sourceTree = "<group>"; };
		3275CB36181C30A7FC7D3EB9 /* MediaDestinations.swift */ = {isa = PBXFileReference; lastKnownFileType = sourcecode.swift; path = MediaDestinations.swift; sourceTree = "<group>"; };
		343500F68ED04F5BB999B208 /* UserDetailView.swift */ = {isa = PBXFileReference; lastKnownFileType = sourcecode.swift; path = UserDetailView.swift; sourceTree = "<group>"; };
		35903A33BA7CEC0EBAA24C72 /* YearInMusicArtworkProviderTests.swift */ = {isa = PBXFileReference; lastKnownFileType = sourcecode.swift; path = YearInMusicArtworkProviderTests.swift; sourceTree = "<group>"; };
		37C43C08CFE953B3F3A8BC47 /* ListeningModel.swift */ = {isa = PBXFileReference; lastKnownFileType = sourcecode.swift; path = ListeningModel.swift; sourceTree = "<group>"; };
		3873BC4DDEF86902050F44EF /* RecommendationsView.swift */ = {isa = PBXFileReference; lastKnownFileType = sourcecode.swift; path = RecommendationsView.swift; sourceTree = "<group>"; };
		39D9AE00EC9D869B559DF005 /* ArtistEvolutionView.swift */ = {isa = PBXFileReference; lastKnownFileType = sourcecode.swift; path = ArtistEvolutionView.swift; sourceTree = "<group>"; };
		3BB2EADCF9020D2B3BDD6BBA /* RadioProviderTests.swift */ = {isa = PBXFileReference; lastKnownFileType = sourcecode.swift; path = RadioProviderTests.swift; sourceTree = "<group>"; };
		40281433B1E545409C40ED2B /* FeedModelTests.swift */ = {isa = PBXFileReference; lastKnownFileType = sourcecode.swift; path = FeedModelTests.swift; sourceTree = "<group>"; };
		406BFC379388B9725ABBBF3E /* SearchModel.swift */ = {isa = PBXFileReference; lastKnownFileType = sourcecode.swift; path = SearchModel.swift; sourceTree = "<group>"; };
		40D6C8571901D47830CC2850 /* YearInMusicArtworkProvider.swift */ = {isa = PBXFileReference; lastKnownFileType = sourcecode.swift; path = YearInMusicArtworkProvider.swift; sourceTree = "<group>"; };
		4122F3C9AC4A14A10CAB3866 /* YearInMusicModelTests.swift */ = {isa = PBXFileReference; lastKnownFileType = sourcecode.swift; path = YearInMusicModelTests.swift; sourceTree = "<group>"; };
		445829BC50154244B5591728 /* PlaylistMutationTests.swift */ = {isa = PBXFileReference; lastKnownFileType = sourcecode.swift; path = PlaylistMutationTests.swift; sourceTree = "<group>"; };
		44F89EA5D5E0E0647DB6755B /* SessionModel.swift */ = {isa = PBXFileReference; lastKnownFileType = sourcecode.swift; path = SessionModel.swift; sourceTree = "<group>"; };
		462BB30902139F26E0615C4A /* FeaturedListenCard.swift */ = {isa = PBXFileReference; lastKnownFileType = sourcecode.swift; path = FeaturedListenCard.swift; sourceTree = "<group>"; };
		4D5B85F6A7DDA54743F12645 /* SocialProvider.swift */ = {isa = PBXFileReference; lastKnownFileType = sourcecode.swift; path = SocialProvider.swift; sourceTree = "<group>"; };
		4DED1FB8C784A67302E19766 /* RecommendationsModelTests.swift */ = {isa = PBXFileReference; lastKnownFileType = sourcecode.swift; path = RecommendationsModelTests.swift; sourceTree = "<group>"; };
		51E19DB1B907EFF1FC7F998C /* ProfileView.swift */ = {isa = PBXFileReference; lastKnownFileType = sourcecode.swift; path = ProfileView.swift; sourceTree = "<group>"; };
		5231AA15BBBE71663137FD9C /* UserSocialCache.swift */ = {isa = PBXFileReference; lastKnownFileType = sourcecode.swift; path = UserSocialCache.swift; sourceTree = "<group>"; };
		544AAB94EB166202CCC1060D /* YearInMusicArtworkModelTests.swift */ = {isa = PBXFileReference; lastKnownFileType = sourcecode.swift; path = YearInMusicArtworkModelTests.swift; sourceTree = "<group>"; };
		54E68B4CE90FAE05D067A92C /* RadioProvider.swift */ = {isa = PBXFileReference; lastKnownFileType = sourcecode.swift; path = RadioProvider.swift; sourceTree = "<group>"; };
		61A453DC671E0AE48DE5FD6D /* ListenBrainzNativeTests.xctest */ = {isa = PBXFileReference; includeInIndex = 0; lastKnownFileType = wrapper.cfbundle; path = ListenBrainzNativeTests.xctest; sourceTree = BUILT_PRODUCTS_DIR; };
		63322AC38BB841A99005C1BF /* PlaylistMutationModels.swift */ = {isa = PBXFileReference; lastKnownFileType = sourcecode.swift; path = PlaylistMutationModels.swift; sourceTree = "<group>"; };
		65596B1CF40A3F700EFA1D76 /* PlaylistAddSheetModelTests.swift */ = {isa = PBXFileReference; lastKnownFileType = sourcecode.swift; path = PlaylistAddSheetModelTests.swift; sourceTree = "<group>"; };
		659F6BF93F2ADE29B73AC2E5 /* SnapshotCache.swift */ = {isa = PBXFileReference; lastKnownFileType = sourcecode.swift; path = SnapshotCache.swift; sourceTree = "<group>"; };
		68ADA01513294244794E1EDD /* PlaylistAddSheet.swift */ = {isa = PBXFileReference; lastKnownFileType = sourcecode.swift; path = PlaylistAddSheet.swift; sourceTree = "<group>"; };
		72EA4638A7EB62DF693C0B15 /* FeedModel.swift */ = {isa = PBXFileReference; lastKnownFileType = sourcecode.swift; path = FeedModel.swift; sourceTree = "<group>"; };
		76720D266F51B04F8F25C767 /* UserSocialModel.swift */ = {isa = PBXFileReference; lastKnownFileType = sourcecode.swift; path = UserSocialModel.swift; sourceTree = "<group>"; };
		795175D65DC7780F3B5D7249 /* YearInMusicView.swift */ = {isa = PBXFileReference; lastKnownFileType = sourcecode.swift; path = YearInMusicView.swift; sourceTree = "<group>"; };
		79DE6F3C53DB0DC7FD1A6314 /* TopListenersModelTests.swift */ = {isa = PBXFileReference; lastKnownFileType = sourcecode.swift; path = TopListenersModelTests.swift; sourceTree = "<group>"; };
		7A0316F5088C74BF0B39F434 /* ArtistActivityTests.swift */ = {isa = PBXFileReference; lastKnownFileType = sourcecode.swift; path = ArtistActivityTests.swift; sourceTree = "<group>"; };
		7B8EB13AEA2FA5E760A3CA07 /* RadioPlaylistSaveModel.swift */ = {isa = PBXFileReference; lastKnownFileType = sourcecode.swift; path = RadioPlaylistSaveModel.swift; sourceTree = "<group>"; };
		7D0C23C3B8F20193233AFF2A /* DiscoverView.swift */ = {isa = PBXFileReference; lastKnownFileType = sourcecode.swift; path = DiscoverView.swift; sourceTree = "<group>"; };
		7E44985FA52E2EE493963D9E /* PopularitySummaryModel.swift */ = {isa = PBXFileReference; lastKnownFileType = sourcecode.swift; path = PopularitySummaryModel.swift; sourceTree = "<group>"; };
		808DA361DE2E6686DF18007A /* MainTabView.swift */ = {isa = PBXFileReference; lastKnownFileType = sourcecode.swift; path = MainTabView.swift; sourceTree = "<group>"; };
		84A50C052C7C44B6F2F50630 /* RecommendationsModel.swift */ = {isa = PBXFileReference; lastKnownFileType = sourcecode.swift; path = RecommendationsModel.swift; sourceTree = "<group>"; };
		8507246DD36E3B142F3792D8 /* RadioModel.swift */ = {isa = PBXFileReference; lastKnownFileType = sourcecode.swift; path = RadioModel.swift; sourceTree = "<group>"; };
		89A20F25A3B1ADE141FC4FD7 /* SearchProvider.swift */ = {isa = PBXFileReference; lastKnownFileType = sourcecode.swift; path = SearchProvider.swift; sourceTree = "<group>"; };
		8A0BC2D8A5C1E29B85ED588A /* PinsModelTests.swift */ = {isa = PBXFileReference; lastKnownFileType = sourcecode.swift; path = PinsModelTests.swift; sourceTree = "<group>"; };
		8C5EBAB053981A555C2F9A58 /* YearInMusicModel.swift */ = {isa = PBXFileReference; lastKnownFileType = sourcecode.swift; path = YearInMusicModel.swift; sourceTree = "<group>"; };
		8D518BA1B29B9EFC5B9F1519 /* ListenBrainzKit */ = {isa = PBXFileReference; lastKnownFileType = folder; name = ListenBrainzKit; path = Packages/ListenBrainzKit; sourceTree = SOURCE_ROOT; };
		8DEADF89FEAC63762B32923A /* YearInMusicArtwork.swift */ = {isa = PBXFileReference; lastKnownFileType = sourcecode.swift; path = YearInMusicArtwork.swift; sourceTree = "<group>"; };
		8F59664EC128A645E3830385 /* ReleaseGroupDetailView.swift */ = {isa = PBXFileReference; lastKnownFileType = sourcecode.swift; path = ReleaseGroupDetailView.swift; sourceTree = "<group>"; };
		940120120563CA2C2EA4FF9B /* PlaylistMetadataEditorModel.swift */ = {isa = PBXFileReference; lastKnownFileType = sourcecode.swift; path = PlaylistMetadataEditorModel.swift; sourceTree = "<group>"; };
		99D83A99C401A23A4A21536E /* RecommendationsProvider.swift */ = {isa = PBXFileReference; lastKnownFileType = sourcecode.swift; path = RecommendationsProvider.swift; sourceTree = "<group>"; };
		99DD4D81FE060960A6C14DB8 /* ListenBrainzNativeApp.swift */ = {isa = PBXFileReference; lastKnownFileType = sourcecode.swift; path = ListenBrainzNativeApp.swift; sourceTree = "<group>"; };
		9F94E3AB6B744C5E5A525DDA /* ProfilePlaylistsModelTests.swift */ = {isa = PBXFileReference; lastKnownFileType = sourcecode.swift; path = ProfilePlaylistsModelTests.swift; sourceTree = "<group>"; };
		A067F094D30B732D2D42AC2F /* UserDetailModel.swift */ = {isa = PBXFileReference; lastKnownFileType = sourcecode.swift; path = UserDetailModel.swift; sourceTree = "<group>"; };
		A3DCB8190155CAD286FB1CC7 /* YearInMusicArtworkSheet.swift */ = {isa = PBXFileReference; lastKnownFileType = sourcecode.swift; path = YearInMusicArtworkSheet.swift; sourceTree = "<group>"; };
		A5C21376EC70F3FDD95B368B /* UserSocialModelTests.swift */ = {isa = PBXFileReference; lastKnownFileType = sourcecode.swift; path = UserSocialModelTests.swift; sourceTree = "<group>"; };
		A66F0C5093821A3A87343832 /* ProfilePlaylistsProvider.swift */ = {isa = PBXFileReference; lastKnownFileType = sourcecode.swift; path = ProfilePlaylistsProvider.swift; sourceTree = "<group>"; };
		A6FADAC33A92401BD743DB7D /* KeychainStore.swift */ = {isa = PBXFileReference; lastKnownFileType = sourcecode.swift; path = KeychainStore.swift; sourceTree = "<group>"; };
		A791F11C1E6675E415DEA3A4 /* UserDetailModelTests.swift */ = {isa = PBXFileReference; lastKnownFileType = sourcecode.swift; path = UserDetailModelTests.swift; sourceTree = "<group>"; };
		A94E78D2AC1FC46709A9EBFB /* PlaylistItemRemovalModelTests.swift */ = {isa = PBXFileReference; lastKnownFileType = sourcecode.swift; path = PlaylistItemRemovalModelTests.swift; sourceTree = "<group>"; };
		AA1C5A040A20E4AC83EA8139 /* PlaylistMetadataEditorSheet.swift */ = {isa = PBXFileReference; lastKnownFileType = sourcecode.swift; path = PlaylistMetadataEditorSheet.swift; sourceTree = "<group>"; };
		ACFF4BBDD28BEEFEF51B89F5 /* EntityDetailCache.swift */ = {isa = PBXFileReference; lastKnownFileType = sourcecode.swift; path = EntityDetailCache.swift; sourceTree = "<group>"; };
		AE4FA132D7B80BBA0964F330 /* TopListenersModel.swift */ = {isa = PBXFileReference; lastKnownFileType = sourcecode.swift; path = TopListenersModel.swift; sourceTree = "<group>"; };
		B092450568E7F84906D24CD3 /* RadioModelTests.swift */ = {isa = PBXFileReference; lastKnownFileType = sourcecode.swift; path = RadioModelTests.swift; sourceTree = "<group>"; };
		B2FEF7F142C7E8674B2F23D9 /* PlaylistItemRemovalModel.swift */ = {isa = PBXFileReference; lastKnownFileType = sourcecode.swift; path = PlaylistItemRemovalModel.swift; sourceTree = "<group>"; };
		B48D23748275974C9D39083A /* SectionHeader.swift */ = {isa = PBXFileReference; lastKnownFileType = sourcecode.swift; path = SectionHeader.swift; sourceTree = "<group>"; };
		B48D6F9D3D5FB27CB9518DC3 /* YearInMusicArtworkRenderingPolicyTests.swift */ = {isa = PBXFileReference; lastKnownFileType = sourcecode.swift; path = YearInMusicArtworkRenderingPolicyTests.swift; sourceTree = "<group>"; };
		B7291BDDD18309E5D402D1B3 /* PersonalRecommendationSheet.swift */ = {isa = PBXFileReference; lastKnownFileType = sourcecode.swift; path = PersonalRecommendationSheet.swift; sourceTree = "<group>"; };
		B9D08F5AA1A3CCD512DF2CF6 /* PinsViews.swift */ = {isa = PBXFileReference; lastKnownFileType = sourcecode.swift; path = PinsViews.swift; sourceTree = "<group>"; };
		BBC40D304913135CE6F60A53 /* ArtistOriginsView.swift */ = {isa = PBXFileReference; lastKnownFileType = sourcecode.swift; path = ArtistOriginsView.swift; sourceTree = "<group>"; };
		BC379F9EB742DEB4425774A2 /* SessionModelTests.swift */ = {isa = PBXFileReference; lastKnownFileType = sourcecode.swift; path = SessionModelTests.swift; sourceTree = "<group>"; };
		BCB2016ED89DD771FDC18DE5 /* TopListenersModels.swift */ = {isa = PBXFileReference; lastKnownFileType = sourcecode.swift; path = TopListenersModels.swift; sourceTree = "<group>"; };
		BE57C410D01822F08E5275BE /* ProfilePlaylistsModel.swift */ = {isa = PBXFileReference; lastKnownFileType = sourcecode.swift; path = ProfilePlaylistsModel.swift; sourceTree = "<group>"; };
		BFA5781A5723D50654D8F20F /* FeedModels.swift */ = {isa = PBXFileReference; lastKnownFileType = sourcecode.swift; path = FeedModels.swift; sourceTree = "<group>"; };
		C17AE2E58FCE6A9891346B9E /* YearInMusicProvider.swift */ = {isa = PBXFileReference; lastKnownFileType = sourcecode.swift; path = YearInMusicProvider.swift; sourceTree = "<group>"; };
		C47DB8E8CDB8B6E43A990514 /* TopListenersSummaryView.swift */ = {isa = PBXFileReference; lastKnownFileType = sourcecode.swift; path = TopListenersSummaryView.swift; sourceTree = "<group>"; };
		C66659BEA6FA5A39F7B86E21 /* ArtistActivityView.swift */ = {isa = PBXFileReference; lastKnownFileType = sourcecode.swift; path = ArtistActivityView.swift; sourceTree = "<group>"; };
		C70C4CBCF073E23C0527B17F /* GenreActivityView.swift */ = {isa = PBXFileReference; lastKnownFileType = sourcecode.swift; path = GenreActivityView.swift; sourceTree = "<group>"; };
		C8352DE46FA96033C0B5B26F /* TopListenersProvider.swift */ = {isa = PBXFileReference; lastKnownFileType = sourcecode.swift; path = TopListenersProvider.swift; sourceTree = "<group>"; };
		C93089B0F4FF96EC2558216C /* ListenBrainzProvider.swift */ = {isa = PBXFileReference; lastKnownFileType = sourcecode.swift; path = ListenBrainzProvider.swift; sourceTree = "<group>"; };
		C9AFB2780AE8A5C8A7A4E2AF /* PlaylistMediaComponents.swift */ = {isa = PBXFileReference; lastKnownFileType = sourcecode.swift; path = PlaylistMediaComponents.swift; sourceTree = "<group>"; };
		CA5104B1FB7A1241957E75FA /* PopularityModels.swift */ = {isa = PBXFileReference; lastKnownFileType = sourcecode.swift; path = PopularityModels.swift; sourceTree = "<group>"; };
		CD23DF6E81EDB687A2D2FCB0 /* RecordingShareProvider.swift */ = {isa = PBXFileReference; lastKnownFileType = sourcecode.swift; path = RecordingShareProvider.swift; sourceTree = "<group>"; };
		CDAB9FE7EC87E552920D8F89 /* PinProvider.swift */ = {isa = PBXFileReference; lastKnownFileType = sourcecode.swift; path = PinProvider.swift; sourceTree = "<group>"; };
		D3C329C8B2BF423D0F69C4E0 /* PopularityProviderTests.swift */ = {isa = PBXFileReference; lastKnownFileType = sourcecode.swift; path = PopularityProviderTests.swift; sourceTree = "<group>"; };
		D789482FE354C4697F76282D /* RecordingShareModel.swift */ = {isa = PBXFileReference; lastKnownFileType = sourcecode.swift; path = RecordingShareModel.swift; sourceTree = "<group>"; };
		D7C75546902949AB29B54897 /* PinsModel.swift */ = {isa = PBXFileReference; lastKnownFileType = sourcecode.swift; path = PinsModel.swift; sourceTree = "<group>"; };
		D8822B99415D79F97F612C24 /* PlaylistCopyTests.swift */ = {isa = PBXFileReference; lastKnownFileType = sourcecode.swift; path = PlaylistCopyTests.swift; sourceTree = "<group>"; };
		D9484FE819C97DDB5EA65620 /* RadioView.swift */ = {isa = PBXFileReference; lastKnownFileType = sourcecode.swift; path = RadioView.swift; sourceTree = "<group>"; };
		D963F9BDBFB4D08557D9CABE /* PopularitySummaryModelTests.swift */ = {isa = PBXFileReference; lastKnownFileType = sourcecode.swift; path = PopularitySummaryModelTests.swift; sourceTree = "<group>"; };
		DC25EEEF18235F00D73EB258 /* StateViews.swift */ = {isa = PBXFileReference; lastKnownFileType = sourcecode.swift; path = StateViews.swift; sourceTree = "<group>"; };
		DD2EDF3149685D6555BC9A84 /* YearInMusicModels.swift */ = {isa = PBXFileReference; lastKnownFileType = sourcecode.swift; path = YearInMusicModels.swift; sourceTree = "<group>"; };
		DD7922B1A50A81DDEBC647D3 /* TasteView.swift */ = {isa = PBXFileReference; lastKnownFileType = sourcecode.swift; path = TasteView.swift; sourceTree = "<group>"; };
		DE18B0D851C7E658DEA3EB75 /* ReleaseDetailView.swift */ = {isa = PBXFileReference; lastKnownFileType = sourcecode.swift; path = ReleaseDetailView.swift; sourceTree = "<group>"; };
		E779A65DDD24641F46A0672E /* PlaylistCopyModel.swift */ = {isa = PBXFileReference; lastKnownFileType = sourcecode.swift; path = PlaylistCopyModel.swift; sourceTree = "<group>"; };
		E87B6C6201EDD6C8CD9E5953 /* ListeningProvider.swift */ = {isa = PBXFileReference; lastKnownFileType = sourcecode.swift; path = ListeningProvider.swift; sourceTree = "<group>"; };
		E890F8FCD510D360635E3CA0 /* ArtistOriginsPresentationTests.swift */ = {isa = PBXFileReference; lastKnownFileType = sourcecode.swift; path = ArtistOriginsPresentationTests.swift; sourceTree = "<group>"; };
		E8EFADDE86B6AC16360FBAF1 /* RadioModels.swift */ = {isa = PBXFileReference; lastKnownFileType = sourcecode.swift; path = RadioModels.swift; sourceTree = "<group>"; };
		E91E5882B238A1F6A1633307 /* UserProfileCache.swift */ = {isa = PBXFileReference; lastKnownFileType = sourcecode.swift; path = UserProfileCache.swift; sourceTree = "<group>"; };
		EBB6785753BE67940C5494C6 /* MediaDetailModels.swift */ = {isa = PBXFileReference; lastKnownFileType = sourcecode.swift; path = MediaDetailModels.swift; sourceTree = "<group>"; };
		EDC6C7B43108377C6E3BFADD /* ProfilePlaylistSection.swift */ = {isa = PBXFileReference; lastKnownFileType = sourcecode.swift; path = ProfilePlaylistSection.swift; sourceTree = "<group>"; };
		EE22423B6C01A46B7FB43FDF /* UserSocialView.swift */ = {isa = PBXFileReference; lastKnownFileType = sourcecode.swift; path = UserSocialView.swift; sourceTree = "<group>"; };
		F087F95475FE91E5088C1363 /* PlaylistMutationProvider.swift */ = {isa = PBXFileReference; lastKnownFileType = sourcecode.swift; path = PlaylistMutationProvider.swift; sourceTree = "<group>"; };
		F268D31AB8CD90FD6B664A12 /* HistoryView.swift */ = {isa = PBXFileReference; lastKnownFileType = sourcecode.swift; path = HistoryView.swift; sourceTree = "<group>"; };
		F3289FD954EA81207EF7F88C /* ArtistOriginsTests.swift */ = {isa = PBXFileReference; lastKnownFileType = sourcecode.swift; path = ArtistOriginsTests.swift; sourceTree = "<group>"; };
		F40BD89E69FC6509633EC0D0 /* SearchView.swift */ = {isa = PBXFileReference; lastKnownFileType = sourcecode.swift; path = SearchView.swift; sourceTree = "<group>"; };
		F447B1074B9BC765705A259A /* ArtistDetailView.swift */ = {isa = PBXFileReference; lastKnownFileType = sourcecode.swift; path = ArtistDetailView.swift; sourceTree = "<group>"; };
		F732997D4DF2EC98CD68A645 /* YearInMusicArtworkModel.swift */ = {isa = PBXFileReference; lastKnownFileType = sourcecode.swift; path = YearInMusicArtworkModel.swift; sourceTree = "<group>"; };
		F781489BD39F38E143F5A79C /* ArtworkView.swift */ = {isa = PBXFileReference; lastKnownFileType = sourcecode.swift; path = ArtworkView.swift; sourceTree = "<group>"; };
		F84B9B265FFDBC7E09392F18 /* FeedView.swift */ = {isa = PBXFileReference; lastKnownFileType = sourcecode.swift; path = FeedView.swift; sourceTree = "<group>"; };
		F8616DDC96C453211ADD8E3A /* RecordingShareModelTests.swift */ = {isa = PBXFileReference; lastKnownFileType = sourcecode.swift; path = RecordingShareModelTests.swift; sourceTree = "<group>"; };
		F8E0247E5AEA45313570549C /* RecordingDetailView.swift */ = {isa = PBXFileReference; lastKnownFileType = sourcecode.swift; path = RecordingDetailView.swift; sourceTree = "<group>"; };
		FA7E3672121191838F7E5951 /* PopularityProvider.swift */ = {isa = PBXFileReference; lastKnownFileType = sourcecode.swift; path = PopularityProvider.swift; sourceTree = "<group>"; };
		FB292AE014CE0F99033BA579 /* MediaDetailModelTests.swift */ = {isa = PBXFileReference; lastKnownFileType = sourcecode.swift; path = MediaDetailModelTests.swift; sourceTree = "<group>"; };
/* End PBXFileReference section */

/* Begin PBXFrameworksBuildPhase section */
		F5D5C2A8F54B06981B609370 /* Frameworks */ = {
			isa = PBXFrameworksBuildPhase;
			buildActionMask = 2147483647;
			files = (
				CC3A7DA32A7662B18FF19C7D /* ListenBrainzKit in Frameworks */,
			);
			runOnlyForDeploymentPostprocessing = 0;
		};
/* End PBXFrameworksBuildPhase section */

/* Begin PBXGroup section */
		0187E86333985E98A0947023 /* Design */ = {
			isa = PBXGroup;
			children = (
				0DB8462E05A0F9121989410D /* AppTheme.swift */,
			);
			path = Design;
			sourceTree = "<group>";
		};
		15F838EE184F7700634549B9 /* Discover */ = {
			isa = PBXGroup;
			children = (
				7D0C23C3B8F20193233AFF2A /* DiscoverView.swift */,
				F84B9B265FFDBC7E09392F18 /* FeedView.swift */,
				D9484FE819C97DDB5EA65620 /* RadioView.swift */,
				3873BC4DDEF86902050F44EF /* RecommendationsView.swift */,
			);
			path = Discover;
			sourceTree = "<group>";
		};
		21DCA4BA41DBE2C742EA95A4 /* Components */ = {
			isa = PBXGroup;
			children = (
				F781489BD39F38E143F5A79C /* ArtworkView.swift */,
				462BB30902139F26E0615C4A /* FeaturedListenCard.swift */,
				1FF4A55D3567AF1C68CC421C /* ListenRow.swift */,
				C9AFB2780AE8A5C8A7A4E2AF /* PlaylistMediaComponents.swift */,
				1DF4B8CB85A56B7A85AF7BE2 /* PopularitySummaryView.swift */,
				B48D23748275974C9D39083A /* SectionHeader.swift */,
				DC25EEEF18235F00D73EB258 /* StateViews.swift */,
				C47DB8E8CDB8B6E43A990514 /* TopListenersSummaryView.swift */,
				2268C1C5B08274C79AF9F4EE /* UserAvatar.swift */,
			);
			path = Components;
			sourceTree = "<group>";
		};
		3091C6282F980D4207389160 /* Playlist */ = {
			isa = PBXGroup;
			children = (
				68ADA01513294244794E1EDD /* PlaylistAddSheet.swift */,
				2EA074F8AA02345A7E2BF670 /* PlaylistDetailView.swift */,
				AA1C5A040A20E4AC83EA8139 /* PlaylistMetadataEditorSheet.swift */,
			);
			path = Playlist;
			sourceTree = "<group>";
		};
		3FC4464063112389F5B0C5DC /* Services */ = {
			isa = PBXGroup;
			children = (
				ACFF4BBDD28BEEFEF51B89F5 /* EntityDetailCache.swift */,
				05C1B47ACD6164891AFAEA2A /* FeedProvider.swift */,
				A6FADAC33A92401BD743DB7D /* KeychainStore.swift */,
				C93089B0F4FF96EC2558216C /* ListenBrainzProvider.swift */,
				E87B6C6201EDD6C8CD9E5953 /* ListeningProvider.swift */,
				279EF0995049BDBEF7989E01 /* MediaDetailProvider.swift */,
				CDAB9FE7EC87E552920D8F89 /* PinProvider.swift */,
				F087F95475FE91E5088C1363 /* PlaylistMutationProvider.swift */,
				FA7E3672121191838F7E5951 /* PopularityProvider.swift */,
				A66F0C5093821A3A87343832 /* ProfilePlaylistsProvider.swift */,
				54E68B4CE90FAE05D067A92C /* RadioProvider.swift */,
				99D83A99C401A23A4A21536E /* RecommendationsProvider.swift */,
				CD23DF6E81EDB687A2D2FCB0 /* RecordingShareProvider.swift */,
				89A20F25A3B1ADE141FC4FD7 /* SearchProvider.swift */,
				659F6BF93F2ADE29B73AC2E5 /* SnapshotCache.swift */,
				4D5B85F6A7DDA54743F12645 /* SocialProvider.swift */,
				C8352DE46FA96033C0B5B26F /* TopListenersProvider.swift */,
				E91E5882B238A1F6A1633307 /* UserProfileCache.swift */,
				5231AA15BBBE71663137FD9C /* UserSocialCache.swift */,
				40D6C8571901D47830CC2850 /* YearInMusicArtworkProvider.swift */,
				C17AE2E58FCE6A9891346B9E /* YearInMusicProvider.swift */,
			);
			path = Services;
			sourceTree = "<group>";
		};
		4E75FEF278F6403A5C2B613E /* Artist */ = {
			isa = PBXGroup;
			children = (
				F447B1074B9BC765705A259A /* ArtistDetailView.swift */,
			);
			path = Artist;
			sourceTree = "<group>";
		};
		517EE018B917A35DA3E3B393 /* User */ = {
			isa = PBXGroup;
			children = (
				343500F68ED04F5BB999B208 /* UserDetailView.swift */,
				EE22423B6C01A46B7FB43FDF /* UserSocialView.swift */,
			);
			path = User;
			sourceTree = "<group>";
		};
		57BFA88C2956E4FDBF95B9B8 /* Features */ = {
			isa = PBXGroup;
			children = (
				4E75FEF278F6403A5C2B613E /* Artist */,
				FF27593EFC874D60973BF07D /* Authentication */,
				15F838EE184F7700634549B9 /* Discover */,
				A46775D44BB3EE271687F6DF /* History */,
				DE4EB007CC1DAE505224CA71 /* Home */,
				916FFE026629DFC52D97AB95 /* Main */,
				3091C6282F980D4207389160 /* Playlist */,
				ED660C29A3076884FE6FC4A7 /* Profile */,
				F7CE37713B0D53E1105BE698 /* Recording */,
				940E021EA68AB42FC3B7F497 /* Release */,
				94F5BBF96CDD592D1AAD3AB7 /* Search */,
				9170B1F6BF59FE3260F023F8 /* Taste */,
				517EE018B917A35DA3E3B393 /* User */,
			);
			path = Features;
			sourceTree = "<group>";
		};
		75C9C0FCDFEA125FA0D5F14B /* App */ = {
			isa = PBXGroup;
			children = (
				99DD4D81FE060960A6C14DB8 /* ListenBrainzNativeApp.swift */,
				3110A121662AEA4E6BA9654A /* RootView.swift */,
				21DCA4BA41DBE2C742EA95A4 /* Components */,
				0187E86333985E98A0947023 /* Design */,
				D2EFD74F628240A14CA9E120 /* Domain */,
				57BFA88C2956E4FDBF95B9B8 /* Features */,
				A00D93DC35E344C9473182F1 /* Models */,
				D92EAD1176989A32B8C8518F /* Navigation */,
				3FC4464063112389F5B0C5DC /* Services */,
			);
			path = App;
			sourceTree = "<group>";
		};
		7EF13D52C9304710EF011D80 /* Products */ = {
			isa = PBXGroup;
			children = (
				013DBC53387F69A8895ABF99 /* ListenBrainzNative.app */,
				61A453DC671E0AE48DE5FD6D /* ListenBrainzNativeTests.xctest */,
			);
			name = Products;
			sourceTree = "<group>";
		};
		916FFE026629DFC52D97AB95 /* Main */ = {
			isa = PBXGroup;
			children = (
				808DA361DE2E6686DF18007A /* MainTabView.swift */,
			);
			path = Main;
			sourceTree = "<group>";
		};
		9170B1F6BF59FE3260F023F8 /* Taste */ = {
			isa = PBXGroup;
			children = (
				C66659BEA6FA5A39F7B86E21 /* ArtistActivityView.swift */,
				39D9AE00EC9D869B559DF005 /* ArtistEvolutionView.swift */,
				BBC40D304913135CE6F60A53 /* ArtistOriginsView.swift */,
				C70C4CBCF073E23C0527B17F /* GenreActivityView.swift */,
				DD7922B1A50A81DDEBC647D3 /* TasteView.swift */,
				A3DCB8190155CAD286FB1CC7 /* YearInMusicArtworkSheet.swift */,
				795175D65DC7780F3B5D7249 /* YearInMusicView.swift */,
			);
			path = Taste;
			sourceTree = "<group>";
		};
		940E021EA68AB42FC3B7F497 /* Release */ = {
			isa = PBXGroup;
			children = (
				DE18B0D851C7E658DEA3EB75 /* ReleaseDetailView.swift */,
				8F59664EC128A645E3830385 /* ReleaseGroupDetailView.swift */,
			);
			path = Release;
			sourceTree = "<group>";
		};
		94F5BBF96CDD592D1AAD3AB7 /* Search */ = {
			isa = PBXGroup;
			children = (
				F40BD89E69FC6509633EC0D0 /* SearchView.swift */,
			);
			path = Search;
			sourceTree = "<group>";
		};
		A00D93DC35E344C9473182F1 /* Models */ = {
			isa = PBXGroup;
			children = (
				72EA4638A7EB62DF693C0B15 /* FeedModel.swift */,
				1FA2FB88A5EB6BD9C478E53C /* FreshReleasesModel.swift */,
				37C43C08CFE953B3F3A8BC47 /* ListeningModel.swift */,
				EBB6785753BE67940C5494C6 /* MediaDetailModels.swift */,
				D7C75546902949AB29B54897 /* PinsModel.swift */,
				E779A65DDD24641F46A0672E /* PlaylistCopyModel.swift */,
				B2FEF7F142C7E8674B2F23D9 /* PlaylistItemRemovalModel.swift */,
				940120120563CA2C2EA4FF9B /* PlaylistMetadataEditorModel.swift */,
				7E44985FA52E2EE493963D9E /* PopularitySummaryModel.swift */,
				BE57C410D01822F08E5275BE /* ProfilePlaylistsModel.swift */,
				8507246DD36E3B142F3792D8 /* RadioModel.swift */,
				7B8EB13AEA2FA5E760A3CA07 /* RadioPlaylistSaveModel.swift */,
				84A50C052C7C44B6F2F50630 /* RecommendationsModel.swift */,
				D789482FE354C4697F76282D /* RecordingShareModel.swift */,
				406BFC379388B9725ABBBF3E /* SearchModel.swift */,
				44F89EA5D5E0E0647DB6755B /* SessionModel.swift */,
				AE4FA132D7B80BBA0964F330 /* TopListenersModel.swift */,
				A067F094D30B732D2D42AC2F /* UserDetailModel.swift */,
				76720D266F51B04F8F25C767 /* UserSocialModel.swift */,
				F732997D4DF2EC98CD68A645 /* YearInMusicArtworkModel.swift */,
				8C5EBAB053981A555C2F9A58 /* YearInMusicModel.swift */,
			);
			path = Models;
			sourceTree = "<group>";
		};
		A46775D44BB3EE271687F6DF /* History */ = {
			isa = PBXGroup;
			children = (
				F268D31AB8CD90FD6B664A12 /* HistoryView.swift */,
			);
			path = History;
			sourceTree = "<group>";
		};
		AFC778F7213D67A6DB2C550C /* Packages */ = {
			isa = PBXGroup;
			children = (
				8D518BA1B29B9EFC5B9F1519 /* ListenBrainzKit */,
			);
			path = Packages;
			sourceTree = "<group>";
		};
		D2EFD74F628240A14CA9E120 /* Domain */ = {
			isa = PBXGroup;
			children = (
				BFA5781A5723D50654D8F20F /* FeedModels.swift */,
				12D4A1A234653FF49859C86C /* Models.swift */,
				63322AC38BB841A99005C1BF /* PlaylistMutationModels.swift */,
				CA5104B1FB7A1241957E75FA /* PopularityModels.swift */,
				E8EFADDE86B6AC16360FBAF1 /* RadioModels.swift */,
				BCB2016ED89DD771FDC18DE5 /* TopListenersModels.swift */,
				8DEADF89FEAC63762B32923A /* YearInMusicArtwork.swift */,
				DD2EDF3149685D6555BC9A84 /* YearInMusicModels.swift */,
			);
			path = Domain;
			sourceTree = "<group>";
		};
		D8BEBB96FF1D8BF2B098C0FC = {
			isa = PBXGroup;
			children = (
				75C9C0FCDFEA125FA0D5F14B /* App */,
				AFC778F7213D67A6DB2C550C /* Packages */,
				E75D1791F92E7F32ED6DB39A /* Tests */,
				7EF13D52C9304710EF011D80 /* Products */,
			);
			sourceTree = "<group>";
		};
		D92EAD1176989A32B8C8518F /* Navigation */ = {
			isa = PBXGroup;
			children = (
				3275CB36181C30A7FC7D3EB9 /* MediaDestinations.swift */,
			);
			path = Navigation;
			sourceTree = "<group>";
		};
		DE4EB007CC1DAE505224CA71 /* Home */ = {
			isa = PBXGroup;
			children = (
				193432530B75E845B61C532C /* HomeView.swift */,
			);
			path = Home;
			sourceTree = "<group>";
		};
		E75D1791F92E7F32ED6DB39A /* Tests */ = {
			isa = PBXGroup;
			children = (
				7A0316F5088C74BF0B39F434 /* ArtistActivityTests.swift */,
				E890F8FCD510D360635E3CA0 /* ArtistOriginsPresentationTests.swift */,
				F3289FD954EA81207EF7F88C /* ArtistOriginsTests.swift */,
				40281433B1E545409C40ED2B /* FeedModelTests.swift */,
				10C232571C0EDA4584243130 /* GenreActivityPresentationTests.swift */,
				04BCABBDB540BFFC39527300 /* ListeningModelTests.swift */,
				FB292AE014CE0F99033BA579 /* MediaDetailModelTests.swift */,
				8A0BC2D8A5C1E29B85ED588A /* PinsModelTests.swift */,
				65596B1CF40A3F700EFA1D76 /* PlaylistAddSheetModelTests.swift */,
				D8822B99415D79F97F612C24 /* PlaylistCopyTests.swift */,
				A94E78D2AC1FC46709A9EBFB /* PlaylistItemRemovalModelTests.swift */,
				445829BC50154244B5591728 /* PlaylistMutationTests.swift */,
				D3C329C8B2BF423D0F69C4E0 /* PopularityProviderTests.swift */,
				D963F9BDBFB4D08557D9CABE /* PopularitySummaryModelTests.swift */,
				9F94E3AB6B744C5E5A525DDA /* ProfilePlaylistsModelTests.swift */,
				B092450568E7F84906D24CD3 /* RadioModelTests.swift */,
				2B68CB67CEB5A14CC03AFCB5 /* RadioPlaylistSaveTests.swift */,
				3BB2EADCF9020D2B3BDD6BBA /* RadioProviderTests.swift */,
				4DED1FB8C784A67302E19766 /* RecommendationsModelTests.swift */,
				F8616DDC96C453211ADD8E3A /* RecordingShareModelTests.swift */,
				BC379F9EB742DEB4425774A2 /* SessionModelTests.swift */,
				79DE6F3C53DB0DC7FD1A6314 /* TopListenersModelTests.swift */,
				A791F11C1E6675E415DEA3A4 /* UserDetailModelTests.swift */,
				A5C21376EC70F3FDD95B368B /* UserSocialModelTests.swift */,
				544AAB94EB166202CCC1060D /* YearInMusicArtworkModelTests.swift */,
				35903A33BA7CEC0EBAA24C72 /* YearInMusicArtworkProviderTests.swift */,
				B48D6F9D3D5FB27CB9518DC3 /* YearInMusicArtworkRenderingPolicyTests.swift */,
				4122F3C9AC4A14A10CAB3866 /* YearInMusicModelTests.swift */,
			);
			path = Tests;
			sourceTree = "<group>";
		};
		ED660C29A3076884FE6FC4A7 /* Profile */ = {
			isa = PBXGroup;
			children = (
				B9D08F5AA1A3CCD512DF2CF6 /* PinsViews.swift */,
				EDC6C7B43108377C6E3BFADD /* ProfilePlaylistSection.swift */,
				51E19DB1B907EFF1FC7F998C /* ProfileView.swift */,
			);
			path = Profile;
			sourceTree = "<group>";
		};
		F7CE37713B0D53E1105BE698 /* Recording */ = {
			isa = PBXGroup;
			children = (
				B7291BDDD18309E5D402D1B3 /* PersonalRecommendationSheet.swift */,
				F8E0247E5AEA45313570549C /* RecordingDetailView.swift */,
			);
			path = Recording;
			sourceTree = "<group>";
		};
		FF27593EFC874D60973BF07D /* Authentication */ = {
			isa = PBXGroup;
			children = (
				0CA165DC8218B530B6F41180 /* AuthenticationView.swift */,
			);
			path = Authentication;
			sourceTree = "<group>";
		};
/* End PBXGroup section */

/* Begin PBXNativeTarget section */
		0E042510002605613D38314B /* ListenBrainzNative */ = {
			isa = PBXNativeTarget;
			buildConfigurationList = 192EA45BA337C1829D464E87 /* Build configuration list for PBXNativeTarget "ListenBrainzNative" */;
			buildPhases = (
				BB6EBAC16C081454B022E421 /* Sources */,
				F5D5C2A8F54B06981B609370 /* Frameworks */,
			);
			buildRules = (
			);
			dependencies = (
			);
			name = ListenBrainzNative;
			packageProductDependencies = (
				DAD5F0EAA0CE2CA0F3B5EF53 /* ListenBrainzKit */,
			);
			productName = ListenBrainzNative;
			productReference = 013DBC53387F69A8895ABF99 /* ListenBrainzNative.app */;
			productType = "com.apple.product-type.application";
		};
		892121421B41BF7B50BA1C27 /* ListenBrainzNativeTests */ = {
			isa = PBXNativeTarget;
			buildConfigurationList = 8F2F273D001DEC12E4B5FB71 /* Build configuration list for PBXNativeTarget "ListenBrainzNativeTests" */;
			buildPhases = (
				AF7EA0D761608EB12237276A /* Sources */,
			);
			buildRules = (
			);
			dependencies = (
				526DC16A01EE1A1B6D63A684 /* PBXTargetDependency */,
			);
			name = ListenBrainzNativeTests;
			packageProductDependencies = (
			);
			productName = ListenBrainzNativeTests;
			productReference = 61A453DC671E0AE48DE5FD6D /* ListenBrainzNativeTests.xctest */;
			productType = "com.apple.product-type.bundle.unit-test";
		};
/* End PBXNativeTarget section */

/* Begin PBXProject section */
		FA16555E92ED82CB5FD58956 /* Project object */ = {
			isa = PBXProject;
			attributes = {
				BuildIndependentTargetsInParallel = YES;
				LastUpgradeCheck = 2700;
				TargetAttributes = {
					0E042510002605613D38314B = {
						ProvisioningStyle = Automatic;
					};
				};
			};
			buildConfigurationList = C5A4552A679EE4775D4429DD /* Build configuration list for PBXProject "ListenBrainzNative" */;
			compatibilityVersion = "Xcode 14.0";
			developmentRegion = en;
			hasScannedForEncodings = 0;
			knownRegions = (
				Base,
				en,
			);
			mainGroup = D8BEBB96FF1D8BF2B098C0FC;
			minimizedProjectReferenceProxies = 1;
			packageReferences = (
				3ABB0ADC7068614B9B448E4E /* XCLocalSwiftPackageReference "Packages/ListenBrainzKit" */,
			);
			preferredProjectObjectVersion = 77;
			projectDirPath = "";
			projectRoot = "";
			targets = (
				0E042510002605613D38314B /* ListenBrainzNative */,
				892121421B41BF7B50BA1C27 /* ListenBrainzNativeTests */,
			);
		};
/* End PBXProject section */

/* Begin PBXSourcesBuildPhase section */
		AF7EA0D761608EB12237276A /* Sources */ = {
			isa = PBXSourcesBuildPhase;
			buildActionMask = 2147483647;
			files = (
				DAF9B6DEC34E00476CA576D6 /* ArtistActivityTests.swift in Sources */,
				3002EF16004350755B6B772C /* ArtistOriginsPresentationTests.swift in Sources */,
				32882BFC39635FECFA19C13C /* ArtistOriginsTests.swift in Sources */,
				145D15276FBD99C26B84D139 /* FeedModelTests.swift in Sources */,
				56961544979AD39F56EA366B /* GenreActivityPresentationTests.swift in Sources */,
				A686BC80CE777828101F3C11 /* ListeningModelTests.swift in Sources */,
				F462DD49582CE885E41AD221 /* MediaDetailModelTests.swift in Sources */,
				3C4AAFFFC4488E59E3B1541E /* PinsModelTests.swift in Sources */,
				9890FD433FAA48ADA158E87D /* PlaylistAddSheetModelTests.swift in Sources */,
				3143E0C5AFB100795C4E6D47 /* PlaylistCopyTests.swift in Sources */,
				2FABAD1401B714CA233A26FD /* PlaylistItemRemovalModelTests.swift in Sources */,
				256C40B6DC2B996C16D40756 /* PlaylistMutationTests.swift in Sources */,
				01AB414CFDFAE764C451F01E /* PopularityProviderTests.swift in Sources */,
				47285C2DE1205B0C181E8E23 /* PopularitySummaryModelTests.swift in Sources */,
				733DAB1366CE8D6DC4E8EB27 /* ProfilePlaylistsModelTests.swift in Sources */,
				2E4C0A7F8A1F5EF01CCDE56C /* RadioModelTests.swift in Sources */,
				1007022494B29C77C6202C0B /* RadioPlaylistSaveTests.swift in Sources */,
				C31B632EBB12B7BDA9A345B3 /* RadioProviderTests.swift in Sources */,
				B6B1B936F8EFACB938D394F6 /* RecommendationsModelTests.swift in Sources */,
				58B8D5799A32C727126489AC /* RecordingShareModelTests.swift in Sources */,
				9875F40708AFCBBE4F72FD67 /* SessionModelTests.swift in Sources */,
				CFF534201752E35378BF426A /* TopListenersModelTests.swift in Sources */,
				7D988596787032037BEB62C6 /* UserDetailModelTests.swift in Sources */,
				750A075E1C5ED48133A7E503 /* UserSocialModelTests.swift in Sources */,
				5C02E8E58708CB3B51CE0F16 /* YearInMusicArtworkModelTests.swift in Sources */,
				F5ABC8C33EC088A2730330B6 /* YearInMusicArtworkProviderTests.swift in Sources */,
				4A1C0347CAF541EC7B27ECE4 /* YearInMusicArtworkRenderingPolicyTests.swift in Sources */,
				C675F4A76118319114058495 /* YearInMusicModelTests.swift in Sources */,
			);
			runOnlyForDeploymentPostprocessing = 0;
		};
		BB6EBAC16C081454B022E421 /* Sources */ = {
			isa = PBXSourcesBuildPhase;
			buildActionMask = 2147483647;
			files = (
				A02AD3A3077720C31BDCF976 /* AppTheme.swift in Sources */,
				7715E58B169BDCF939620A6F /* ArtistActivityView.swift in Sources */,
				67C5A4D2ABD99F1C75D75FC1 /* ArtistDetailView.swift in Sources */,
				376D54E82B7EAF41963D088B /* ArtistEvolutionView.swift in Sources */,
				09E6583D6C50625EFD154E38 /* ArtistOriginsView.swift in Sources */,
				E34A32570B1654294C87282B /* ArtworkView.swift in Sources */,
				E5DFB4562DCD47EA091D69F0 /* AuthenticationView.swift in Sources */,
				6D27D69B7A9910C603E276AE /* DiscoverView.swift in Sources */,
				0915988C2802793F801AB873 /* EntityDetailCache.swift in Sources */,
				AB9F31509190461142964630 /* FeaturedListenCard.swift in Sources */,
				2D6DAEBF12542FE63EBD75F0 /* FeedModel.swift in Sources */,
				E876D2D5DD0C37CA00B4DE1C /* FeedModels.swift in Sources */,
				FE4F75BD032C833BF912033E /* FeedProvider.swift in Sources */,
				7D4E35AD4998321B2955C36C /* FeedView.swift in Sources */,
				F8594971067C532075F7C071 /* FreshReleasesModel.swift in Sources */,
				5DA442849195D260135BDEE0 /* GenreActivityView.swift in Sources */,
				8F16CB7E1FE040E5D24D2591 /* HistoryView.swift in Sources */,
				873D948C6823F9E8E0508D57 /* HomeView.swift in Sources */,
				E03C8BE0755A2F8A0BC849BD /* KeychainStore.swift in Sources */,
				0BEE2B0FBDAFA8B6EDE90A80 /* ListenBrainzNativeApp.swift in Sources */,
				8CC211BC670EB9B4DF390ADF /* ListenBrainzProvider.swift in Sources */,
				0DC5A6AD9306EE572703A8A9 /* ListenRow.swift in Sources */,
				F2A06B0A87EA1A5A145EBCAB /* ListeningModel.swift in Sources */,
				518D8E1CA577D129E09C6AF9 /* ListeningProvider.swift in Sources */,
				11BF089AC5E362515600DAD4 /* MainTabView.swift in Sources */,
				9C9F22A49ADFC566D6C9DC86 /* MediaDestinations.swift in Sources */,
				6029C0EC6C72507F53163995 /* MediaDetailModels.swift in Sources */,
				B35DD2901ED4220337446D8D /* MediaDetailProvider.swift in Sources */,
				77FAF578E20FF1259BCDFBAA /* Models.swift in Sources */,
				0DBEB30AB443E40B477C6EA4 /* PersonalRecommendationSheet.swift in Sources */,
				4FFBB0053750B0C9879C7949 /* PinProvider.swift in Sources */,
				3E772DC80D8B037D186F434B /* PinsModel.swift in Sources */,
				48CE2F69DAAE1854F4D85F64 /* PinsViews.swift in Sources */,
				789E14ED16D3BC56781B8FC5 /* PlaylistAddSheet.swift in Sources */,
				91428CF2CB4CE6BD66689DA4 /* PlaylistCopyModel.swift in Sources */,
				41E4FA65905F8C4E12E92C3E /* PlaylistDetailView.swift in Sources */,
				FB69B5762A025CC7E8E50FB6 /* PlaylistItemRemovalModel.swift in Sources */,
				53E6AA7D06171A8DF74BF24C /* PlaylistMediaComponents.swift in Sources */,
				AA4425E317371E65013FAE54 /* PlaylistMetadataEditorModel.swift in Sources */,
				41F291B6C6423AD68FBAC6B4 /* PlaylistMetadataEditorSheet.swift in Sources */,
				EFF9CF0628BBB4B61AC587D1 /* PlaylistMutationModels.swift in Sources */,
				4E78CFD975E5003F4D7B5081 /* PlaylistMutationProvider.swift in Sources */,
				7799DAF70CC7B4681490D24C /* PopularityModels.swift in Sources */,
				214B180599F8A6E8D9A79AB5 /* PopularityProvider.swift in Sources */,
				1582560FD3BC7D4405C4A61D /* PopularitySummaryModel.swift in Sources */,
				AB848FA8B7B454273207A4AF /* PopularitySummaryView.swift in Sources */,
				1604483356044D2143E2B73F /* ProfilePlaylistSection.swift in Sources */,
				00EB87532AFE4F986F506964 /* ProfilePlaylistsModel.swift in Sources */,
				2A8E1BB1202E6CB8253E5221 /* ProfilePlaylistsProvider.swift in Sources */,
				3D7D932F671E62C342A18632 /* ProfileView.swift in Sources */,
				494D81ABC4E01231D0DE2FBD /* RadioModel.swift in Sources */,
				D57B00D27016C1097159BEB6 /* RadioModels.swift in Sources */,
				1BBCC984897AC9FAE843B001 /* RadioPlaylistSaveModel.swift in Sources */,
				87F6993AB8FCC5A87744AF75 /* RadioProvider.swift in Sources */,
				590740BDF6B92E5914E39940 /* RadioView.swift in Sources */,
				DDAFF3F1116B34C7248D68F1 /* RecommendationsModel.swift in Sources */,
				8278A61C78DFA08894349F45 /* RecommendationsProvider.swift in Sources */,
				F25111D9C16F7356B683B5F6 /* RecommendationsView.swift in Sources */,
				5A7B98853E1DC1B5A9AB59AD /* RecordingDetailView.swift in Sources */,
				7DED1E5CAF4979BA7DA9D008 /* RecordingShareModel.swift in Sources */,
				69F66A2E519942F1C4C282D6 /* RecordingShareProvider.swift in Sources */,
				594917123A4D6DD88A133285 /* ReleaseDetailView.swift in Sources */,
				00F360B24EE493E67ED1DF89 /* ReleaseGroupDetailView.swift in Sources */,
				639D596DB9354E94512491DE /* RootView.swift in Sources */,
				C51A7CFA91015ED8EDD090D4 /* SearchModel.swift in Sources */,
				1457D061D907D9EACE4D1561 /* SearchProvider.swift in Sources */,
				36B693EB322ACEAEB30CEA68 /* SearchView.swift in Sources */,
				E78A527883EE31B5921C85E7 /* SectionHeader.swift in Sources */,
				03D19877F8BDD6E321146321 /* SessionModel.swift in Sources */,
				099A1939CE7D6089A7FC540F /* SnapshotCache.swift in Sources */,
				AF631615C185971C2360B813 /* SocialProvider.swift in Sources */,
				E5CD0A0B9AD755EB5C62E835 /* StateViews.swift in Sources */,
				59ED0625681FB66CD6EFB656 /* TasteView.swift in Sources */,
				B1B227A2149DE62E44F98C78 /* TopListenersModel.swift in Sources */,
				CEF777F64781D5B4960BC878 /* TopListenersModels.swift in Sources */,
				7D382A079B28ABED8AE513BD /* TopListenersProvider.swift in Sources */,
				8B76B12A2FDBC963BEF8B64F /* TopListenersSummaryView.swift in Sources */,
				74BF4E55D5D9D193BE6D02D1 /* UserAvatar.swift in Sources */,
				0EDD7DA8AAA9A579CB3DA59F /* UserDetailModel.swift in Sources */,
				7C20A83DB44D540F8348E048 /* UserDetailView.swift in Sources */,
				D6522C52F0000EF97D3939D8 /* UserProfileCache.swift in Sources */,
				CBD6630EC6A5E7B033DFD702 /* UserSocialCache.swift in Sources */,
				D3106BD5D369383F62DF8E9E /* UserSocialModel.swift in Sources */,
				3107631690C9193020632AD8 /* UserSocialView.swift in Sources */,
				58A753D6FBA77633A9A17289 /* YearInMusicArtwork.swift in Sources */,
				40BEB3C06D1F598D8690D57A /* YearInMusicArtworkModel.swift in Sources */,
				CDE73C02DF55E37C0640C5A5 /* YearInMusicArtworkProvider.swift in Sources */,
				DD342B0EDB9448FB25817F83 /* YearInMusicArtworkSheet.swift in Sources */,
				A64B06F3FB44546CE5962F6A /* YearInMusicModel.swift in Sources */,
				80D37E7F230D25EC64F755D1 /* YearInMusicModels.swift in Sources */,
				4D88EA58612655B97B85C2DD /* YearInMusicProvider.swift in Sources */,
				19A5F97DA02FA4D5802535B9 /* YearInMusicView.swift in Sources */,
			);
			runOnlyForDeploymentPostprocessing = 0;
		};
/* End PBXSourcesBuildPhase section */

/* Begin PBXTargetDependency section */
		526DC16A01EE1A1B6D63A684 /* PBXTargetDependency */ = {
			isa = PBXTargetDependency;
			target = 0E042510002605613D38314B /* ListenBrainzNative */;
			targetProxy = 151D68ECFAC827BAEC4D1264 /* PBXContainerItemProxy */;
		};
/* End PBXTargetDependency section */

/* Begin XCBuildConfiguration section */
		1D9A0AE336D8BC18E9E25D48 /* Debug */ = {
			isa = XCBuildConfiguration;
			buildSettings = {
				ALWAYS_SEARCH_USER_PATHS = NO;
				ASSETCATALOG_COMPILER_GENERATE_SWIFT_ASSET_SYMBOL_EXTENSIONS = YES;
				CLANG_ANALYZER_NONNULL = YES;
				CLANG_ANALYZER_NUMBER_OBJECT_CONVERSION = YES_AGGRESSIVE;
				CLANG_CXX_LANGUAGE_STANDARD = "gnu++14";
				CLANG_CXX_LIBRARY = "libc++";
				CLANG_ENABLE_MODULES = YES;
				CLANG_ENABLE_OBJC_ARC = YES;
				CLANG_ENABLE_OBJC_WEAK = YES;
				CLANG_WARN_BLOCK_CAPTURE_AUTORELEASING = YES;
				CLANG_WARN_BOOL_CONVERSION = YES;
				CLANG_WARN_COMMA = YES;
				CLANG_WARN_CONSTANT_CONVERSION = YES;
				CLANG_WARN_DEPRECATED_OBJC_IMPLEMENTATIONS = YES;
				CLANG_WARN_DIRECT_OBJC_ISA_USAGE = YES_ERROR;
				CLANG_WARN_DOCUMENTATION_COMMENTS = YES;
				CLANG_WARN_EMPTY_BODY = YES;
				CLANG_WARN_ENUM_CONVERSION = YES;
				CLANG_WARN_INFINITE_RECURSION = YES;
				CLANG_WARN_INT_CONVERSION = YES;
				CLANG_WARN_NON_LITERAL_NULL_CONVERSION = YES;
				CLANG_WARN_OBJC_IMPLICIT_RETAIN_SELF = YES;
				CLANG_WARN_OBJC_LITERAL_CONVERSION = YES;
				CLANG_WARN_OBJC_ROOT_CLASS = YES_ERROR;
				CLANG_WARN_QUOTED_INCLUDE_IN_FRAMEWORK_HEADER = YES;
				CLANG_WARN_RANGE_LOOP_ANALYSIS = YES;
				CLANG_WARN_STRICT_PROTOTYPES = YES;
				CLANG_WARN_SUSPICIOUS_MOVE = YES;
				CLANG_WARN_UNGUARDED_AVAILABILITY = YES_AGGRESSIVE;
				CLANG_WARN_UNREACHABLE_CODE = YES;
				CLANG_WARN__DUPLICATE_METHOD_MATCH = YES;
				COPY_PHASE_STRIP = NO;
				DEBUG_INFORMATION_FORMAT = dwarf;
				ENABLE_STRICT_OBJC_MSGSEND = YES;
				ENABLE_TESTABILITY = YES;
				ENABLE_USER_SCRIPT_SANDBOXING = YES;
				GCC_C_LANGUAGE_STANDARD = gnu11;
				GCC_DYNAMIC_NO_PIC = NO;
				GCC_NO_COMMON_BLOCKS = YES;
				GCC_OPTIMIZATION_LEVEL = 0;
				GCC_PREPROCESSOR_DEFINITIONS = (
					"$(inherited)",
					"DEBUG=1",
				);
				GCC_WARN_64_TO_32_BIT_CONVERSION = YES;
				GCC_WARN_ABOUT_RETURN_TYPE = YES_ERROR;
				GCC_WARN_UNDECLARED_SELECTOR = YES;
				GCC_WARN_UNINITIALIZED_AUTOS = YES_AGGRESSIVE;
				GCC_WARN_UNUSED_FUNCTION = YES;
				GCC_WARN_UNUSED_VARIABLE = YES;
				IPHONEOS_DEPLOYMENT_TARGET = 18.0;
				MTL_ENABLE_DEBUG_INFO = INCLUDE_SOURCE;
				MTL_FAST_MATH = YES;
				ONLY_ACTIVE_ARCH = YES;
				PRODUCT_NAME = "$(TARGET_NAME)";
				SDKROOT = iphoneos;
				SWIFT_ACTIVE_COMPILATION_CONDITIONS = DEBUG;
				SWIFT_OPTIMIZATION_LEVEL = "-Onone";
				SWIFT_STRICT_CONCURRENCY = complete;
				SWIFT_VERSION = 6.0;
			};
			name = Debug;
		};
		2AD5692A42CD46E2C8DF6A5B /* Release */ = {
			isa = XCBuildConfiguration;
			buildSettings = {
				BUNDLE_LOADER = "$(TEST_HOST)";
				GENERATE_INFOPLIST_FILE = YES;
				LD_RUNPATH_SEARCH_PATHS = (
					"$(inherited)",
					"@executable_path/Frameworks",
					"@loader_path/Frameworks",
				);
				PRODUCT_BUNDLE_IDENTIFIER = dev.nabekhan.listenbrainznative.tests;
				SDKROOT = iphoneos;
				TARGETED_DEVICE_FAMILY = "1,2";
				TEST_HOST = "$(BUILT_PRODUCTS_DIR)/Brainz.app/Brainz";
			};
			name = Release;
		};
		3D94745C317E8131D5015F1F /* Debug */ = {
			isa = XCBuildConfiguration;
			buildSettings = {
				BUNDLE_LOADER = "$(TEST_HOST)";
				GENERATE_INFOPLIST_FILE = YES;
				LD_RUNPATH_SEARCH_PATHS = (
					"$(inherited)",
					"@executable_path/Frameworks",
					"@loader_path/Frameworks",
				);
				PRODUCT_BUNDLE_IDENTIFIER = dev.nabekhan.listenbrainznative.tests;
				SDKROOT = iphoneos;
				TARGETED_DEVICE_FAMILY = "1,2";
				TEST_HOST = "$(BUILT_PRODUCTS_DIR)/Brainz.app/Brainz";
			};
			name = Debug;
		};
		65C745F9B30CAA584667E38C /* Debug */ = {
			isa = XCBuildConfiguration;
			buildSettings = {
				ASSETCATALOG_COMPILER_APPICON_NAME = AppIcon;
				CODE_SIGN_IDENTITY = "iPhone Developer";
				CODE_SIGN_STYLE = Automatic;
				CURRENT_PROJECT_VERSION = 1;
				GENERATE_INFOPLIST_FILE = YES;
				INFOPLIST_KEY_CFBundleDisplayName = Brainz;
				INFOPLIST_KEY_LSApplicationCategoryType = "public.app-category.music";
				INFOPLIST_KEY_UIApplicationSceneManifest_Generation = YES;
				INFOPLIST_KEY_UIApplicationSupportsIndirectInputEvents = YES;
				INFOPLIST_KEY_UILaunchScreen_Generation = YES;
				INFOPLIST_KEY_UISupportedInterfaceOrientations_iPhone = UIInterfaceOrientationPortrait;
				LD_RUNPATH_SEARCH_PATHS = (
					"$(inherited)",
					"@executable_path/Frameworks",
				);
				MARKETING_VERSION = 0.1.0;
				PRODUCT_BUNDLE_IDENTIFIER = dev.nabekhan.listenbrainznative;
				PRODUCT_NAME = Brainz;
				SDKROOT = iphoneos;
				SUPPORTS_MACCATALYST = NO;
				TARGETED_DEVICE_FAMILY = "1,2";
			};
			name = Debug;
		};
		A9669CAEC2617AF96188071C /* Release */ = {
			isa = XCBuildConfiguration;
			buildSettings = {
				ASSETCATALOG_COMPILER_APPICON_NAME = AppIcon;
				CODE_SIGN_IDENTITY = "iPhone Developer";
				CODE_SIGN_STYLE = Automatic;
				CURRENT_PROJECT_VERSION = 1;
				GENERATE_INFOPLIST_FILE = YES;
				INFOPLIST_KEY_CFBundleDisplayName = Brainz;
				INFOPLIST_KEY_LSApplicationCategoryType = "public.app-category.music";
				INFOPLIST_KEY_UIApplicationSceneManifest_Generation = YES;
				INFOPLIST_KEY_UIApplicationSupportsIndirectInputEvents = YES;
				INFOPLIST_KEY_UILaunchScreen_Generation = YES;
				INFOPLIST_KEY_UISupportedInterfaceOrientations_iPhone = UIInterfaceOrientationPortrait;
				LD_RUNPATH_SEARCH_PATHS = (
					"$(inherited)",
					"@executable_path/Frameworks",
				);
				MARKETING_VERSION = 0.1.0;
				PRODUCT_BUNDLE_IDENTIFIER = dev.nabekhan.listenbrainznative;
				PRODUCT_NAME = Brainz;
				SDKROOT = iphoneos;
				SUPPORTS_MACCATALYST = NO;
				TARGETED_DEVICE_FAMILY = "1,2";
			};
			name = Release;
		};
		EBB9A5C852AAC780D8B08264 /* Release */ = {
			isa = XCBuildConfiguration;
			buildSettings = {
				ALWAYS_SEARCH_USER_PATHS = NO;
				ASSETCATALOG_COMPILER_GENERATE_SWIFT_ASSET_SYMBOL_EXTENSIONS = YES;
				CLANG_ANALYZER_NONNULL = YES;
				CLANG_ANALYZER_NUMBER_OBJECT_CONVERSION = YES_AGGRESSIVE;
				CLANG_CXX_LANGUAGE_STANDARD = "gnu++14";
				CLANG_CXX_LIBRARY = "libc++";
				CLANG_ENABLE_MODULES = YES;
				CLANG_ENABLE_OBJC_ARC = YES;
				CLANG_ENABLE_OBJC_WEAK = YES;
				CLANG_WARN_BLOCK_CAPTURE_AUTORELEASING = YES;
				CLANG_WARN_BOOL_CONVERSION = YES;
				CLANG_WARN_COMMA = YES;
				CLANG_WARN_CONSTANT_CONVERSION = YES;
				CLANG_WARN_DEPRECATED_OBJC_IMPLEMENTATIONS = YES;
				CLANG_WARN_DIRECT_OBJC_ISA_USAGE = YES_ERROR;
				CLANG_WARN_DOCUMENTATION_COMMENTS = YES;
				CLANG_WARN_EMPTY_BODY = YES;
				CLANG_WARN_ENUM_CONVERSION = YES;
				CLANG_WARN_INFINITE_RECURSION = YES;
				CLANG_WARN_INT_CONVERSION = YES;
				CLANG_WARN_NON_LITERAL_NULL_CONVERSION = YES;
				CLANG_WARN_OBJC_IMPLICIT_RETAIN_SELF = YES;
				CLANG_WARN_OBJC_LITERAL_CONVERSION = YES;
				CLANG_WARN_OBJC_ROOT_CLASS = YES_ERROR;
				CLANG_WARN_QUOTED_INCLUDE_IN_FRAMEWORK_HEADER = YES;
				CLANG_WARN_RANGE_LOOP_ANALYSIS = YES;
				CLANG_WARN_STRICT_PROTOTYPES = YES;
				CLANG_WARN_SUSPICIOUS_MOVE = YES;
				CLANG_WARN_UNGUARDED_AVAILABILITY = YES_AGGRESSIVE;
				CLANG_WARN_UNREACHABLE_CODE = YES;
				CLANG_WARN__DUPLICATE_METHOD_MATCH = YES;
				COPY_PHASE_STRIP = NO;
				DEBUG_INFORMATION_FORMAT = "dwarf-with-dsym";
				ENABLE_NS_ASSERTIONS = NO;
				ENABLE_STRICT_OBJC_MSGSEND = YES;
				ENABLE_USER_SCRIPT_SANDBOXING = YES;
				GCC_C_LANGUAGE_STANDARD = gnu11;
				GCC_NO_COMMON_BLOCKS = YES;
				GCC_WARN_64_TO_32_BIT_CONVERSION = YES;
				GCC_WARN_ABOUT_RETURN_TYPE = YES_ERROR;
				GCC_WARN_UNDECLARED_SELECTOR = YES;
				GCC_WARN_UNINITIALIZED_AUTOS = YES_AGGRESSIVE;
				GCC_WARN_UNUSED_FUNCTION = YES;
				GCC_WARN_UNUSED_VARIABLE = YES;
				IPHONEOS_DEPLOYMENT_TARGET = 18.0;
				MTL_ENABLE_DEBUG_INFO = NO;
				MTL_FAST_MATH = YES;
				PRODUCT_NAME = "$(TARGET_NAME)";
				SDKROOT = iphoneos;
				SWIFT_COMPILATION_MODE = wholemodule;
				SWIFT_OPTIMIZATION_LEVEL = "-O";
				SWIFT_STRICT_CONCURRENCY = complete;
				SWIFT_VERSION = 6.0;
			};
			name = Release;
		};
/* End XCBuildConfiguration section */

/* Begin XCConfigurationList section */
		192EA45BA337C1829D464E87 /* Build configuration list for PBXNativeTarget "ListenBrainzNative" */ = {
			isa = XCConfigurationList;
			buildConfigurations = (
				65C745F9B30CAA584667E38C /* Debug */,
				A9669CAEC2617AF96188071C /* Release */,
			);
			defaultConfigurationIsVisible = 0;
			defaultConfigurationName = Debug;
		};
		8F2F273D001DEC12E4B5FB71 /* Build configuration list for PBXNativeTarget "ListenBrainzNativeTests" */ = {
			isa = XCConfigurationList;
			buildConfigurations = (
				3D94745C317E8131D5015F1F /* Debug */,
				2AD5692A42CD46E2C8DF6A5B /* Release */,
			);
			defaultConfigurationIsVisible = 0;
			defaultConfigurationName = Debug;
		};
		C5A4552A679EE4775D4429DD /* Build configuration list for PBXProject "ListenBrainzNative" */ = {
			isa = XCConfigurationList;
			buildConfigurations = (
				1D9A0AE336D8BC18E9E25D48 /* Debug */,
				EBB9A5C852AAC780D8B08264 /* Release */,
			);
			defaultConfigurationIsVisible = 0;
			defaultConfigurationName = Debug;
		};
/* End XCConfigurationList section */

/* Begin XCLocalSwiftPackageReference section */
		3ABB0ADC7068614B9B448E4E /* XCLocalSwiftPackageReference "Packages/ListenBrainzKit" */ = {
			isa = XCLocalSwiftPackageReference;
			relativePath = Packages/ListenBrainzKit;
		};
/* End XCLocalSwiftPackageReference section */

/* Begin XCSwiftPackageProductDependency section */
		DAD5F0EAA0CE2CA0F3B5EF53 /* ListenBrainzKit */ = {
			isa = XCSwiftPackageProductDependency;
			productName = ListenBrainzKit;
		};
/* End XCSwiftPackageProductDependency section */
	};
	rootObject = FA16555E92ED82CB5FD58956 /* Project object */;
}
